# This file is automatically @generated by Cargo.
# It is not intended for manual editing.
version = 4

[[package]]
name = "aether-cap-model"
version = "0.1.0"
dependencies = [
 "aether-types",
]

[[package]]
name = "aether-capspace"
version = "0.1.0"
dependencies = [
 "aether-types",
]

[[package]]
name = "aether-cts-runner"
version = "0.1.0"
dependencies = [
 "aether-cap-model",
 "aether-capspace",
 "aether-types",
]

[[package]]
name = "aether-types"
version = "0.1.0"
